
Microsoft Visual Studio Solution File, Format Version 12.00
# Visual Studio 15
VisualStudioVersion = 15.0.28307.489
MinimumVisualStudioVersion = 10.0.40219.1
Project("{FAE04EC0-301F-11D3-BF4B-00C04F79EFBC}") = "0217", "0217\0217.csproj", "{7FD18887-6224-448B-8A8B-74C3976FBEE5}"
EndProject
Global
	GlobalSection(SolutionConfigurationPlatforms) = preSolution
		Debug|Any CPU = Debug|Any CPU
		Release|Any CPU = Release|Any CPU
	EndGlobalSection
	GlobalSection(ProjectConfigurationPlatforms) = postSolution
		{7FD18887-6224-448B-8A8B-74C3976FBEE5}.Debug|Any CPU.ActiveCfg = Debug|Any CPU
		{7FD18887-6224-448B-8A8B-74C3976FBEE5}.Debug|Any CPU.Build.0 = Debug|Any CPU
		{7FD18887-6224-448B-8A8B-74C3976FBEE5}.Release|Any CPU.ActiveCfg = Release|Any CPU
		{7FD18887-6224-448B-8A8B-74C3976FBEE5}.Release|Any CPU.Build.0 = Release|Any CPU
	EndGlobalSection
	GlobalSection(SolutionProperties) = preSolution
		HideSolutionNode = FALSE
	EndGlobalSection
	GlobalSection(ExtensibilityGlobals) = postSolution
		SolutionGuid = {808FC78F-8A9D-4E0B-8581-FCC8F391F3FD}
	EndGlobalSection
EndGlobal
